{
  "name": "browser-thermal-printer-encoder",
  "version": "2.1.1",
  "lockfileVersion": 2,
  "requires": true,
  "packages": {
    "": {
      "version": "2.1.1",
      "license": "MIT",
      "devDependencies": {
        "@types/w3c-web-serial": "^1.0.2"
      }
    },
    "node_modules/@types/w3c-web-serial": {
      "version": "1.0.2",
      "resolved": "https://registry.npmjs.org/@types/w3c-web-serial/-/w3c-web-serial-1.0.2.tgz",
      "integrity": "sha512-Ftx4BtLxgAnel7V7GbHylCYjSq827A+jeEE3SnTS7huCGUN0pSwUn+CchTCT9TkZj9w+NVMUq4Bk2R0GvUNmAQ==",
      "dev": true
    }
  },
  "dependencies": {
    "@types/w3c-web-serial": {
      "version": "1.0.2",
      "resolved": "https://registry.npmjs.org/@types/w3c-web-serial/-/w3c-web-serial-1.0.2.tgz",
      "integrity": "sha512-Ftx4BtLxgAnel7V7GbHylCYjSq827A+jeEE3SnTS7huCGUN0pSwUn+CchTCT9TkZj9w+NVMUq4Bk2R0GvUNmAQ==",
      "dev": true
    }
  }
}
